
Microsoft Visual Studio Solution File, Format Version 11.00
# Visual Studio 2010
Project("{FAE04EC0-301F-11D3-BF4B-00C04F79EFBC}") = "Assembly-CSharp", "Assembly-CSharp.csproj", "{08A9CBC5-7B1C-2FDD-2AAD-970B1F12B78B}"
EndProject
Project("{FAE04EC0-301F-11D3-BF4B-00C04F79EFBC}") = "Assembly-CSharp-Editor", "Assembly-CSharp-Editor.csproj", "{CF5073F5-F694-7D99-A94E-F15A9B9857E4}"
EndProject
Global
	GlobalSection(SolutionConfigurationPlatforms) = preSolution
		Debug|Any CPU = Debug|Any CPU
		Release|Any CPU = Release|Any CPU
	EndGlobalSection
	GlobalSection(ProjectConfigurationPlatforms) = postSolution
		{08A9CBC5-7B1C-2FDD-2AAD-970B1F12B78B}.Debug|Any CPU.ActiveCfg = Debug|Any CPU
		{08A9CBC5-7B1C-2FDD-2AAD-970B1F12B78B}.Debug|Any CPU.Build.0 = Debug|Any CPU
		{08A9CBC5-7B1C-2FDD-2AAD-970B1F12B78B}.Release|Any CPU.ActiveCfg = Release|Any CPU
		{08A9CBC5-7B1C-2FDD-2AAD-970B1F12B78B}.Release|Any CPU.Build.0 = Release|Any CPU
		{CF5073F5-F694-7D99-A94E-F15A9B9857E4}.Debug|Any CPU.ActiveCfg = Debug|Any CPU
		{CF5073F5-F694-7D99-A94E-F15A9B9857E4}.Debug|Any CPU.Build.0 = Debug|Any CPU
		{CF5073F5-F694-7D99-A94E-F15A9B9857E4}.Release|Any CPU.ActiveCfg = Release|Any CPU
		{CF5073F5-F694-7D99-A94E-F15A9B9857E4}.Release|Any CPU.Build.0 = Release|Any CPU
	EndGlobalSection
	GlobalSection(SolutionProperties) = preSolution
		HideSolutionNode = FALSE
	EndGlobalSection
	GlobalSection(MonoDevelopProperties) = preSolution
		StartupItem = Assembly-CSharp.csproj
	EndGlobalSection
EndGlobal
